
Microsoft Visual Studio Solution File, Format Version 12.00
# Visual Studio Version 16
VisualStudioVersion = 16.0.31829.152
MinimumVisualStudioVersion = 10.0.40219.1
Project("{FAE04EC0-301F-11D3-BF4B-00C04F79EFBC}") = "InventorySystem", "InventorySystem\InventorySystem.csproj", "{2AD300D1-83D7-42F1-B97B-63EC8E354A21}"
EndProject
Global
	GlobalSection(SolutionConfigurationPlatforms) = preSolution
		Debug|Any CPU = Debug|Any CPU
		Release|Any CPU = Release|Any CPU
	EndGlobalSection
	GlobalSection(ProjectConfigurationPlatforms) = postSolution
		{2AD300D1-83D7-42F1-B97B-63EC8E354A21}.Debug|Any CPU.ActiveCfg = Debug|Any CPU
		{2AD300D1-83D7-42F1-B97B-63EC8E354A21}.Debug|Any CPU.Build.0 = Debug|Any CPU
		{2AD300D1-83D7-42F1-B97B-63EC8E354A21}.Release|Any CPU.ActiveCfg = Release|Any CPU
		{2AD300D1-83D7-42F1-B97B-63EC8E354A21}.Release|Any CPU.Build.0 = Release|Any CPU
	EndGlobalSection
	GlobalSection(SolutionProperties) = preSolution
		HideSolutionNode = FALSE
	EndGlobalSection
	GlobalSection(ExtensibilityGlobals) = postSolution
		SolutionGuid = {CBBF4D0F-78F9-4947-A223-36FC169D9CF5}
	EndGlobalSection
EndGlobal
